github.com/silas/dag v0.0.0-20220518035006-a7e85ada93c5 h1:G/FZtUu7a6NTWl3KUHMV9jkLAh/Rvtf03NWMHaEDl+E=
github.com/silas/dag v0.0.0-20220518035006-a7e85ada93c5/go.mod h1:7RTUFBdIRC9nZ7/3RyRNH1bdqIShrDejd1YbLwgPS+I=
golang.org/x/exp v0.0.0-20220909182711-5c715a9e8561 h1:MDc5xs78ZrZr3HMQugiXOAkSZtfTpbJLDr/lwfgO53E=
golang.org/x/exp v0.0.0-20220909182711-5c715a9e8561/go.mod h1:cyybsKvd6eL0RnXn6p/Grxp8F5bW7iYuBgsNCOHpMYE=
